
Microsoft Visual Studio Solution File, Format Version 12.00
# Visual Studio Version 17
VisualStudioVersion = 17.1.32210.238
MinimumVisualStudioVersion = 10.0.40219.1
Project("{9A19103F-16F7-4668-BE54-9A1E7A4F7556}") = "Pokedex", "Pokedex\Pokedex.csproj", "{757C8736-B69C-4859-951D-92F61589FA05}"
EndProject
Project("{9A19103F-16F7-4668-BE54-9A1E7A4F7556}") = "Aplication", "Aplication\Aplication.csproj", "{EFF90C12-75D0-45C5-9469-519783F309D4}"
EndProject
Project("{FAE04EC0-301F-11D3-BF4B-00C04F79EFBC}") = "DataBase", "DataBase\DataBase.csproj", "{A3A68C78-EE7E-4AD9-AB69-9D558743DF57}"
EndProject
Global
	GlobalSection(SolutionConfigurationPlatforms) = preSolution
		Debug|Any CPU = Debug|Any CPU
		Release|Any CPU = Release|Any CPU
	EndGlobalSection
	GlobalSection(ProjectConfigurationPlatforms) = postSolution
		{757C8736-B69C-4859-951D-92F61589FA05}.Debug|Any CPU.ActiveCfg = Debug|Any CPU
		{757C8736-B69C-4859-951D-92F61589FA05}.Debug|Any CPU.Build.0 = Debug|Any CPU
		{757C8736-B69C-4859-951D-92F61589FA05}.Release|Any CPU.ActiveCfg = Release|Any CPU
		{757C8736-B69C-4859-951D-92F61589FA05}.Release|Any CPU.Build.0 = Release|Any CPU
		{EFF90C12-75D0-45C5-9469-519783F309D4}.Debug|Any CPU.ActiveCfg = Debug|Any CPU
		{EFF90C12-75D0-45C5-9469-519783F309D4}.Debug|Any CPU.Build.0 = Debug|Any CPU
		{EFF90C12-75D0-45C5-9469-519783F309D4}.Release|Any CPU.ActiveCfg = Release|Any CPU
		{EFF90C12-75D0-45C5-9469-519783F309D4}.Release|Any CPU.Build.0 = Release|Any CPU
		{A3A68C78-EE7E-4AD9-AB69-9D558743DF57}.Debug|Any CPU.ActiveCfg = Debug|Any CPU
		{A3A68C78-EE7E-4AD9-AB69-9D558743DF57}.Debug|Any CPU.Build.0 = Debug|Any CPU
		{A3A68C78-EE7E-4AD9-AB69-9D558743DF57}.Release|Any CPU.ActiveCfg = Release|Any CPU
		{A3A68C78-EE7E-4AD9-AB69-9D558743DF57}.Release|Any CPU.Build.0 = Release|Any CPU
	EndGlobalSection
	GlobalSection(SolutionProperties) = preSolution
		HideSolutionNode = FALSE
	EndGlobalSection
	GlobalSection(ExtensibilityGlobals) = postSolution
		SolutionGuid = {18506C08-2355-4DFB-B8FB-6853C2892517}
	EndGlobalSection
EndGlobal
